
Microsoft Visual Studio Solution File, Format Version 12.00
# Visual Studio Version 17
VisualStudioVersion = 17.9.34622.214
MinimumVisualStudioVersion = 10.0.40219.1
Project("{FAE04EC0-301F-11D3-BF4B-00C04F79EFBC}") = "bridge", "bridge\bridge.csproj", "{5F604592-6990-487D-97E2-86B1AAC83834}"
EndProject
Global
	GlobalSection(SolutionConfigurationPlatforms) = preSolution
		Debug|Any CPU = Debug|Any CPU
		Release|Any CPU = Release|Any CPU
	EndGlobalSection
	GlobalSection(ProjectConfigurationPlatforms) = postSolution
		{5F604592-6990-487D-97E2-86B1AAC83834}.Debug|Any CPU.ActiveCfg = Debug|Any CPU
		{5F604592-6990-487D-97E2-86B1AAC83834}.Debug|Any CPU.Build.0 = Debug|Any CPU
		{5F604592-6990-487D-97E2-86B1AAC83834}.Release|Any CPU.ActiveCfg = Release|Any CPU
		{5F604592-6990-487D-97E2-86B1AAC83834}.Release|Any CPU.Build.0 = Release|Any CPU
	EndGlobalSection
	GlobalSection(SolutionProperties) = preSolution
		HideSolutionNode = FALSE
	EndGlobalSection
	GlobalSection(ExtensibilityGlobals) = postSolution
		SolutionGuid = {6D8DC979-4EBD-4CBA-B510-5619B2B3871E}
	EndGlobalSection
EndGlobal
